
Microsoft Visual Studio Solution File, Format Version 12.00
# Visual Studio Version 17
VisualStudioVersion = 17.8.34525.116
MinimumVisualStudioVersion = 10.0.40219.1
Project("{FAE04EC0-301F-11D3-BF4B-00C04F79EFBC}") = "Projeto3", "Projeto3\Projeto3.csproj", "{3089A1BA-5FD2-464E-95D9-49C0E602D8E0}"
EndProject
Global
	GlobalSection(SolutionConfigurationPlatforms) = preSolution
		Debug|Any CPU = Debug|Any CPU
		Release|Any CPU = Release|Any CPU
	EndGlobalSection
	GlobalSection(ProjectConfigurationPlatforms) = postSolution
		{3089A1BA-5FD2-464E-95D9-49C0E602D8E0}.Debug|Any CPU.ActiveCfg = Debug|Any CPU
		{3089A1BA-5FD2-464E-95D9-49C0E602D8E0}.Debug|Any CPU.Build.0 = Debug|Any CPU
		{3089A1BA-5FD2-464E-95D9-49C0E602D8E0}.Release|Any CPU.ActiveCfg = Release|Any CPU
		{3089A1BA-5FD2-464E-95D9-49C0E602D8E0}.Release|Any CPU.Build.0 = Release|Any CPU
	EndGlobalSection
	GlobalSection(SolutionProperties) = preSolution
		HideSolutionNode = FALSE
	EndGlobalSection
	GlobalSection(ExtensibilityGlobals) = postSolution
		SolutionGuid = {39F1B499-0165-46B3-ABE7-10F0B09B298C}
	EndGlobalSection
EndGlobal
